
Microsoft Visual Studio Solution File, Format Version 12.00
# Visual Studio 2017
Project("{FAE04EC0-301F-11D3-BF4B-00C04F79EFBC}") = "2017MCM_Project", "2017MCM_Project.csproj", "{75A9CF3F-5D25-3A56-BA01-BEB920CF3148}"
EndProject
Global
	GlobalSection(SolutionConfigurationPlatforms) = preSolution
		Debug|Any CPU = Debug|Any CPU
		Release|Any CPU = Release|Any CPU
	EndGlobalSection
	GlobalSection(ProjectConfigurationPlatforms) = postSolution
		{75A9CF3F-5D25-3A56-BA01-BEB920CF3148}.Debug|Any CPU.ActiveCfg = Debug|Any CPU
		{75A9CF3F-5D25-3A56-BA01-BEB920CF3148}.Debug|Any CPU.Build.0 = Debug|Any CPU
		{75A9CF3F-5D25-3A56-BA01-BEB920CF3148}.Release|Any CPU.ActiveCfg = Release|Any CPU
		{75A9CF3F-5D25-3A56-BA01-BEB920CF3148}.Release|Any CPU.Build.0 = Release|Any CPU
	EndGlobalSection
	GlobalSection(SolutionProperties) = preSolution
		HideSolutionNode = FALSE
	EndGlobalSection
EndGlobal
